
Microsoft Visual Studio Solution File, Format Version 12.00
# Visual Studio Version 16
VisualStudioVersion = 16.0.31605.320
MinimumVisualStudioVersion = 10.0.40219.1
Project("{FAE04EC0-301F-11D3-BF4B-00C04F79EFBC}") = "CalculadoraUI.Android", "CalculadoraUI\CalculadoraUI.Android\CalculadoraUI.Android.csproj", "{6880CB3A-9A83-4FF4-B6EC-2617BC5D5F60}"
EndProject
Project("{FAE04EC0-301F-11D3-BF4B-00C04F79EFBC}") = "CalculadoraUI.iOS", "CalculadoraUI\CalculadoraUI.iOS\CalculadoraUI.iOS.csproj", "{7578F1FF-48FA-4A91-957F-EC5FC8A3EAA6}"
EndProject
Project("{FAE04EC0-301F-11D3-BF4B-00C04F79EFBC}") = "CalculadoraUI", "CalculadoraUI\CalculadoraUI\CalculadoraUI.csproj", "{C65231AC-3376-4EF2-A491-D6710858D6DC}"
EndProject
Global
	GlobalSection(SolutionConfigurationPlatforms) = preSolution
		Debug|Any CPU = Debug|Any CPU
		Debug|iPhone = Debug|iPhone
		Debug|iPhoneSimulator = Debug|iPhoneSimulator
		Release|Any CPU = Release|Any CPU
		Release|iPhone = Release|iPhone
		Release|iPhoneSimulator = Release|iPhoneSimulator
	EndGlobalSection
	GlobalSection(ProjectConfigurationPlatforms) = postSolution
		{6880CB3A-9A83-4FF4-B6EC-2617BC5D5F60}.Debug|Any CPU.ActiveCfg = Debug|Any CPU
		{6880CB3A-9A83-4FF4-B6EC-2617BC5D5F60}.Debug|Any CPU.Build.0 = Debug|Any CPU
		{6880CB3A-9A83-4FF4-B6EC-2617BC5D5F60}.Debug|Any CPU.Deploy.0 = Debug|Any CPU
		{6880CB3A-9A83-4FF4-B6EC-2617BC5D5F60}.Debug|iPhone.ActiveCfg = Debug|Any CPU
		{6880CB3A-9A83-4FF4-B6EC-2617BC5D5F60}.Debug|iPhone.Build.0 = Debug|Any CPU
		{6880CB3A-9A83-4FF4-B6EC-2617BC5D5F60}.Debug|iPhone.Deploy.0 = Debug|Any CPU
		{6880CB3A-9A83-4FF4-B6EC-2617BC5D5F60}.Debug|iPhoneSimulator.ActiveCfg = Debug|Any CPU
		{6880CB3A-9A83-4FF4-B6EC-2617BC5D5F60}.Debug|iPhoneSimulator.Build.0 = Debug|Any CPU
		{6880CB3A-9A83-4FF4-B6EC-2617BC5D5F60}.Debug|iPhoneSimulator.Deploy.0 = Debug|Any CPU
		{6880CB3A-9A83-4FF4-B6EC-2617BC5D5F60}.Release|Any CPU.ActiveCfg = Release|Any CPU
		{6880CB3A-9A83-4FF4-B6EC-2617BC5D5F60}.Release|Any CPU.Build.0 = Release|Any CPU
		{6880CB3A-9A83-4FF4-B6EC-2617BC5D5F60}.Release|Any CPU.Deploy.0 = Release|Any CPU
		{6880CB3A-9A83-4FF4-B6EC-2617BC5D5F60}.Release|iPhone.ActiveCfg = Release|Any CPU
		{6880CB3A-9A83-4FF4-B6EC-2617BC5D5F60}.Release|iPhone.Build.0 = Release|Any CPU
		{6880CB3A-9A83-4FF4-B6EC-2617BC5D5F60}.Release|iPhone.Deploy.0 = Release|Any CPU
		{6880CB3A-9A83-4FF4-B6EC-2617BC5D5F60}.Release|iPhoneSimulator.ActiveCfg = Release|Any CPU
		{6880CB3A-9A83-4FF4-B6EC-2617BC5D5F60}.Release|iPhoneSimulator.Build.0 = Release|Any CPU
		{6880CB3A-9A83-4FF4-B6EC-2617BC5D5F60}.Release|iPhoneSimulator.Deploy.0 = Release|Any CPU
		{7578F1FF-48FA-4A91-957F-EC5FC8A3EAA6}.Debug|Any CPU.ActiveCfg = Debug|iPhone
		{7578F1FF-48FA-4A91-957F-EC5FC8A3EAA6}.Debug|Any CPU.Build.0 = Debug|iPhone
		{7578F1FF-48FA-4A91-957F-EC5FC8A3EAA6}.Debug|Any CPU.Deploy.0 = Debug|iPhone
		{7578F1FF-48FA-4A91-957F-EC5FC8A3EAA6}.Debug|iPhone.ActiveCfg = Debug|iPhone
		{7578F1FF-48FA-4A91-957F-EC5FC8A3EAA6}.Debug|iPhone.Build.0 = Debug|iPhone
		{7578F1FF-48FA-4A91-957F-EC5FC8A3EAA6}.Debug|iPhone.Deploy.0 = Debug|iPhone
		{7578F1FF-48FA-4A91-957F-EC5FC8A3EAA6}.Debug|iPhoneSimulator.ActiveCfg = Debug|iPhoneSimulator
		{7578F1FF-48FA-4A91-957F-EC5FC8A3EAA6}.Debug|iPhoneSimulator.Build.0 = Debug|iPhoneSimulator
		{7578F1FF-48FA-4A91-957F-EC5FC8A3EAA6}.Debug|iPhoneSimulator.Deploy.0 = Debug|iPhoneSimulator
		{7578F1FF-48FA-4A91-957F-EC5FC8A3EAA6}.Release|Any CPU.ActiveCfg = Release|iPhoneSimulator
		{7578F1FF-48FA-4A91-957F-EC5FC8A3EAA6}.Release|Any CPU.Build.0 = Release|iPhoneSimulator
		{7578F1FF-48FA-4A91-957F-EC5FC8A3EAA6}.Release|Any CPU.Deploy.0 = Release|iPhoneSimulator
		{7578F1FF-48FA-4A91-957F-EC5FC8A3EAA6}.Release|iPhone.ActiveCfg = Release|iPhone
		{7578F1FF-48FA-4A91-957F-EC5FC8A3EAA6}.Release|iPhone.Build.0 = Release|iPhone
		{7578F1FF-48FA-4A91-957F-EC5FC8A3EAA6}.Release|iPhone.Deploy.0 = Release|iPhone
		{7578F1FF-48FA-4A91-957F-EC5FC8A3EAA6}.Release|iPhoneSimulator.ActiveCfg = Release|iPhoneSimulator
		{7578F1FF-48FA-4A91-957F-EC5FC8A3EAA6}.Release|iPhoneSimulator.Build.0 = Release|iPhoneSimulator
		{7578F1FF-48FA-4A91-957F-EC5FC8A3EAA6}.Release|iPhoneSimulator.Deploy.0 = Release|iPhoneSimulator
		{C65231AC-3376-4EF2-A491-D6710858D6DC}.Debug|Any CPU.ActiveCfg = Debug|Any CPU
		{C65231AC-3376-4EF2-A491-D6710858D6DC}.Debug|Any CPU.Build.0 = Debug|Any CPU
		{C65231AC-3376-4EF2-A491-D6710858D6DC}.Debug|Any CPU.Deploy.0 = Debug|Any CPU
		{C65231AC-3376-4EF2-A491-D6710858D6DC}.Debug|iPhone.ActiveCfg = Debug|Any CPU
		{C65231AC-3376-4EF2-A491-D6710858D6DC}.Debug|iPhone.Build.0 = Debug|Any CPU
		{C65231AC-3376-4EF2-A491-D6710858D6DC}.Debug|iPhone.Deploy.0 = Debug|Any CPU
		{C65231AC-3376-4EF2-A491-D6710858D6DC}.Debug|iPhoneSimulator.ActiveCfg = Debug|Any CPU
		{C65231AC-3376-4EF2-A491-D6710858D6DC}.Debug|iPhoneSimulator.Build.0 = Debug|Any CPU
		{C65231AC-3376-4EF2-A491-D6710858D6DC}.Debug|iPhoneSimulator.Deploy.0 = Debug|Any CPU
		{C65231AC-3376-4EF2-A491-D6710858D6DC}.Release|Any CPU.ActiveCfg = Release|Any CPU
		{C65231AC-3376-4EF2-A491-D6710858D6DC}.Release|Any CPU.Build.0 = Release|Any CPU
		{C65231AC-3376-4EF2-A491-D6710858D6DC}.Release|Any CPU.Deploy.0 = Release|Any CPU
		{C65231AC-3376-4EF2-A491-D6710858D6DC}.Release|iPhone.ActiveCfg = Release|Any CPU
		{C65231AC-3376-4EF2-A491-D6710858D6DC}.Release|iPhone.Build.0 = Release|Any CPU
		{C65231AC-3376-4EF2-A491-D6710858D6DC}.Release|iPhone.Deploy.0 = Release|Any CPU
		{C65231AC-3376-4EF2-A491-D6710858D6DC}.Release|iPhoneSimulator.ActiveCfg = Release|Any CPU
		{C65231AC-3376-4EF2-A491-D6710858D6DC}.Release|iPhoneSimulator.Build.0 = Release|Any CPU
		{C65231AC-3376-4EF2-A491-D6710858D6DC}.Release|iPhoneSimulator.Deploy.0 = Release|Any CPU
	EndGlobalSection
	GlobalSection(SolutionProperties) = preSolution
		HideSolutionNode = FALSE
	EndGlobalSection
	GlobalSection(ExtensibilityGlobals) = postSolution
		SolutionGuid = {DA82FD72-7B4B-40B8-A1F5-51B89536AADA}
	EndGlobalSection
EndGlobal
